
Microsoft Visual Studio Solution File, Format Version 12.00
# Visual Studio Version 17
VisualStudioVersion = 17.4.33213.308
MinimumVisualStudioVersion = 10.0.40219.1
Project("{9A19103F-16F7-4668-BE54-9A1E7A4F7556}") = "Minimal_Api_Book", "Minimal_Api_Book\Minimal_Api_Book.csproj", "{06650ACD-049E-43CD-9478-AE406A1B4EB7}"
EndProject
Project("{FAE04EC0-301F-11D3-BF4B-00C04F79EFBC}") = "Web-Book", "Web-Book\Web-Book.csproj", "{B1DDB6B3-0DE3-4024-906C-773DED8C5AB6}"
EndProject
Global
	GlobalSection(SolutionConfigurationPlatforms) = preSolution
		Debug|Any CPU = Debug|Any CPU
		Release|Any CPU = Release|Any CPU
	EndGlobalSection
	GlobalSection(ProjectConfigurationPlatforms) = postSolution
		{06650ACD-049E-43CD-9478-AE406A1B4EB7}.Debug|Any CPU.ActiveCfg = Debug|Any CPU
		{06650ACD-049E-43CD-9478-AE406A1B4EB7}.Debug|Any CPU.Build.0 = Debug|Any CPU
		{06650ACD-049E-43CD-9478-AE406A1B4EB7}.Release|Any CPU.ActiveCfg = Release|Any CPU
		{06650ACD-049E-43CD-9478-AE406A1B4EB7}.Release|Any CPU.Build.0 = Release|Any CPU
		{B1DDB6B3-0DE3-4024-906C-773DED8C5AB6}.Debug|Any CPU.ActiveCfg = Debug|Any CPU
		{B1DDB6B3-0DE3-4024-906C-773DED8C5AB6}.Debug|Any CPU.Build.0 = Debug|Any CPU
		{B1DDB6B3-0DE3-4024-906C-773DED8C5AB6}.Release|Any CPU.ActiveCfg = Release|Any CPU
		{B1DDB6B3-0DE3-4024-906C-773DED8C5AB6}.Release|Any CPU.Build.0 = Release|Any CPU
	EndGlobalSection
	GlobalSection(SolutionProperties) = preSolution
		HideSolutionNode = FALSE
	EndGlobalSection
	GlobalSection(ExtensibilityGlobals) = postSolution
		SolutionGuid = {19A95EC3-60F7-44E5-973B-C9F7BE75B334}
	EndGlobalSection
EndGlobal
